
Microsoft Visual Studio Solution File, Format Version 12.00
# Visual Studio Version 17
VisualStudioVersion = 17.7.34031.279
MinimumVisualStudioVersion = 10.0.40219.1
Project("{FAE04EC0-301F-11D3-BF4B-00C04F79EFBC}") = "Your name and age", "Your name and age.csproj", "{58C5740A-A754-4F5F-8388-7EAE917E41F0}"
EndProject
Global
	GlobalSection(SolutionConfigurationPlatforms) = preSolution
		Debug|Any CPU = Debug|Any CPU
		Release|Any CPU = Release|Any CPU
	EndGlobalSection
	GlobalSection(ProjectConfigurationPlatforms) = postSolution
		{58C5740A-A754-4F5F-8388-7EAE917E41F0}.Debug|Any CPU.ActiveCfg = Debug|Any CPU
		{58C5740A-A754-4F5F-8388-7EAE917E41F0}.Debug|Any CPU.Build.0 = Debug|Any CPU
		{58C5740A-A754-4F5F-8388-7EAE917E41F0}.Release|Any CPU.ActiveCfg = Release|Any CPU
		{58C5740A-A754-4F5F-8388-7EAE917E41F0}.Release|Any CPU.Build.0 = Release|Any CPU
	EndGlobalSection
	GlobalSection(SolutionProperties) = preSolution
		HideSolutionNode = FALSE
	EndGlobalSection
	GlobalSection(ExtensibilityGlobals) = postSolution
		SolutionGuid = {B902E71D-B491-4ED4-AFFE-8A9DA7707B27}
	EndGlobalSection
EndGlobal
